// !$*UTF8*$!
{
	archiveVersion = 1;
	classes = {
	};
	objectVersion = 46;
	objects = {

/* Begin PBXBuildFile section */
		4EEC4B04AB2CBCA55F961220 /* Pods_SwiftMultiSelectExample.framework in Frameworks */ = {isa = PBXBuildFile; fileRef = E73FBC79F7806466052A9D4C /* Pods_SwiftMultiSelectExample.framework */; };
		B1C3BCCC1F2B2B2600904FA3 /* AppDelegate.swift in Sources */ = {isa = PBXBuildFile; fileRef = B1C3BCCB1F2B2B2600904FA3 /* AppDelegate.swift */; };
		B1C3BCCE1F2B2B2600904FA3 /* ViewController.swift in Sources */ = {isa = PBXBuildFile; fileRef = B1C3BCCD1F2B2B2600904FA3 /* ViewController.swift */; };
		B1C3BCD11F2B2B2600904FA3 /* Main.storyboard in Resources */ = {isa = PBXBuildFile; fileRef = B1C3BCCF1F2B2B2600904FA3 /* Main.storyboard */; };
		B1C3BCD31F2B2B2600904FA3 /* Assets.xcassets in Resources */ = {isa = PBXBuildFile; fileRef = B1C3BCD21F2B2B2600904FA3 /* Assets.xcassets */; };
		B1C3BCD61F2B2B2600904FA3 /* LaunchScreen.storyboard in Resources */ = {isa = PBXBuildFile; fileRef = B1C3BCD41F2B2B2600904FA3 /* LaunchScreen.storyboard */; };
/* End PBXBuildFile section */

/* Begin PBXFileReference section */
		82EE9FC18253E00CEA25297C /* Pods-SwiftMultiSelectExample.release.xcconfig */ = {isa = PBXFileReference; includeInIndex = 1; lastKnownFileType = text.xcconfig; name = "Pods-SwiftMultiSelectExample.release.xcconfig"; path = "Pods/Target Support Files/Pods-SwiftMultiSelectExample/Pods-SwiftMultiSelectExample.release.xcconfig"; sourceTree = "<group>"; };
		A8F4428936230C1B080F6F03 /* Pods-SwiftMultiSelectExample.debug.xcconfig */ = {isa = PBXFileReference; includeInIndex = 1; lastKnownFileType = text.xcconfig; name = "Pods-SwiftMultiSelectExample.debug.xcconfig"; path = "Pods/Target Support Files/Pods-SwiftMultiSelectExample/Pods-SwiftMultiSelectExample.debug.xcconfig"; sourceTree = "<group>"; };
		B1C3BCC81F2B2B2600904FA3 /* SwiftMultiSelectExample.app */ = {isa = PBXFileReference; explicitFileType = wrapper.application; includeInIndex = 0; path = SwiftMultiSelectExample.app; sourceTree = BUILT_PRODUCTS_DIR; };
		B1C3BCCB1F2B2B2600904FA3 /* AppDelegate.swift */ = {isa = PBXFileReference; lastKnownFileType = sourcecode.swift; path = AppDelegate.swift; sourceTree = "<group>"; };
		B1C3BCCD1F2B2B2600904FA3 /* ViewController.swift */ = {isa = PBXFileReference; lastKnownFileType = sourcecode.swift; path = ViewController.swift; sourceTree = "<group>"; };
		B1C3BCD01F2B2B2600904FA3 /* Base */ = {isa = PBXFileReference; lastKnownFileType = file.storyboard; name = Base; path = Base.lproj/Main.storyboard; sourceTree = "<group>"; };
		B1C3BCD21F2B2B2600904FA3 /* Assets.xcassets */ = {isa = PBXFileReference; lastKnownFileType = folder.assetcatalog; path = Assets.xcassets; sourceTree = "<group>"; };
		B1C3BCD51F2B2B2600904FA3 /* Base */ = {isa = PBXFileReference; lastKnownFileType = file.storyboard; name = Base; path = Base.lproj/LaunchScreen.storyboard; sourceTree = "<group>"; };
		B1C3BCD71F2B2B2600904FA3 /* Info.plist */ = {isa = PBXFileReference; lastKnownFileType = text.plist.xml; path = Info.plist; sourceTree = "<group>"; };
		E73FBC79F7806466052A9D4C /* Pods_SwiftMultiSelectExample.framework */ = {isa = PBXFileReference; explicitFileType = wrapper.framework; includeInIndex = 0; path = Pods_SwiftMultiSelectExample.framework; sourceTree = BUILT_PRODUCTS_DIR; };
/* End PBXFileReference section */

/* Begin PBXFrameworksBuildPhase section */
		B1C3BCC51F2B2B2600904FA3 /* Frameworks */ = {
			isa = PBXFrameworksBuildPhase;
			buildActionMask = 2147483647;
			files = (
				4EEC4B04AB2CBCA55F961220 /* Pods_SwiftMultiSelectExample.framework in Frameworks */,
			);
			runOnlyForDeploymentPostprocessing = 0;
		};
/* End PBXFrameworksBuildPhase section */

/* Begin PBXGroup section */
		21898860F6666057E553CAE5 /* Pods */ = {
			isa = PBXGroup;
			children = (
				A8F4428936230C1B080F6F03 /* Pods-SwiftMultiSelectExample.debug.xcconfig */,
				82EE9FC18253E00CEA25297C /* Pods-SwiftMultiSelectExample.release.xcconfig */,
			);
			name = Pods;
			sourceTree = "<group>";
		};
		B1C3BCBF1F2B2B2600904FA3 = {
			isa = PBXGroup;
			children = (
				B1C3BCCA1F2B2B2600904FA3 /* SwiftMultiSelectExample */,
				B1C3BCC91F2B2B2600904FA3 /* Products */,
				21898860F6666057E553CAE5 /* Pods */,
				CCFBA34070E4549E6DB3C0D6 /* Frameworks */,
			);
			sourceTree = "<group>";
		};
		B1C3BCC91F2B2B2600904FA3 /* Products */ = {
			isa = PBXGroup;
			children = (
				B1C3BCC81F2B2B2600904FA3 /* SwiftMultiSelectExample.app */,
			);
			name = Products;
			sourceTree = "<group>";
		};
		B1C3BCCA1F2B2B2600904FA3 /* SwiftMultiSelectExample */ = {
			isa = PBXGroup;
			children = (
				B1C3BCCB1F2B2B2600904FA3 /* AppDelegate.swift */,
				B1C3BCCD1F2B2B2600904FA3 /* ViewController.swift */,
				B1C3BCCF1F2B2B2600904FA3 /* Main.storyboard */,
				B1C3BCD21F2B2B2600904FA3 /* Assets.xcassets */,
				B1C3BCD41F2B2B2600904FA3 /* LaunchScreen.storyboard */,
				B1C3BCD71F2B2B2600904FA3 /* Info.plist */,
			);
			path = SwiftMultiSelectExample;
			sourceTree = "<group>";
		};
		CCFBA34070E4549E6DB3C0D6 /* Frameworks */ = {
			isa = PBXGroup;
			children = (
				E73FBC79F7806466052A9D4C /* Pods_SwiftMultiSelectExample.framework */,
			);
			name = Frameworks;
			sourceTree = "<group>";
		};
/* End PBXGroup section */

/* Begin PBXNativeTarget section */
		B1C3BCC71F2B2B2600904FA3 /* SwiftMultiSelectExample */ = {
			isa = PBXNativeTarget;
			buildConfigurationList = B1C3BCDA1F2B2B2600904FA3 /* Build configuration list for PBXNativeTarget "SwiftMultiSelectExample" */;
			buildPhases = (
				DEE43819E4DCE9EA7A652529 /* [CP] Check Pods Manifest.lock */,
				B1C3BCC41F2B2B2600904FA3 /* Sources */,
				B1C3BCC51F2B2B2600904FA3 /* Frameworks */,
				B1C3BCC61F2B2B2600904FA3 /* Resources */,
				3AC247347D87DF6CC62BABC4 /* [CP] Embed Pods Frameworks */,
				8759781DEFD9615CA4754B46 /* [CP] Copy Pods Resources */,
			);
			buildRules = (
			);
			dependencies = (
			);
			name = SwiftMultiSelectExample;
			productName = SwiftMultiSelectExample;
			productReference = B1C3BCC81F2B2B2600904FA3 /* SwiftMultiSelectExample.app */;
			productType = "com.apple.product-type.application";
		};
/* End PBXNativeTarget section */

/* Begin PBXProject section */
		B1C3BCC01F2B2B2600904FA3 /* Project object */ = {
			isa = PBXProject;
			attributes = {
				LastSwiftUpdateCheck = 0830;
				LastUpgradeCheck = 0830;
				ORGANIZATIONNAME = "Luca Becchetti";
				TargetAttributes = {
					B1C3BCC71F2B2B2600904FA3 = {
						CreatedOnToolsVersion = 8.3.2;
						DevelopmentTeam = 3NJYMZCH8Y;
						ProvisioningStyle = Automatic;
					};
				};
			};
			buildConfigurationList = B1C3BCC31F2B2B2600904FA3 /* Build configuration list for PBXProject "SwiftMultiSelectExample" */;
			compatibilityVersion = "Xcode 3.2";
			developmentRegion = English;
			hasScannedForEncodings = 0;
			knownRegions = (
				en,
				Base,
			);
			mainGroup = B1C3BCBF1F2B2B2600904FA3;
			productRefGroup = B1C3BCC91F2B2B2600904FA3 /* Products */;
			projectDirPath = "";
			projectRoot = "";
			targets = (
				B1C3BCC71F2B2B2600904FA3 /* SwiftMultiSelectExample */,
			);
		};
/* End PBXProject section */

/* Begin PBXResourcesBuildPhase section */
		B1C3BCC61F2B2B2600904FA3 /* Resources */ = {
			isa = PBXResourcesBuildPhase;
			buildActionMask = 2147483647;
			files = (
				B1C3BCD61F2B2B2600904FA3 /* LaunchScreen.storyboard in Resources */,
				B1C3BCD31F2B2B2600904FA3 /* Assets.xcassets in Resources */,
				B1C3BCD11F2B2B2600904FA3 /* Main.storyboard in Resources */,
			);
			runOnlyForDeploymentPostprocessing = 0;
		};
/* End PBXResourcesBuildPhase section */

/* Begin PBXShellScriptBuildPhase section */
		3AC247347D87DF6CC62BABC4 /* [CP] Embed Pods Frameworks */ = {
			isa = PBXShellScriptBuildPhase;
			buildActionMask = 2147483647;
			files = (
			);
			inputPaths = (
			);
			name = "[CP] Embed Pods Frameworks";
			outputPaths = (
			);
			runOnlyForDeploymentPostprocessing = 0;
			shellPath = /bin/sh;
			shellScript = "\"${SRCROOT}/Pods/Target Support Files/Pods-SwiftMultiSelectExample/Pods-SwiftMultiSelectExample-frameworks.sh\"\n";
			showEnvVarsInLog = 0;
		};
		8759781DEFD9615CA4754B46 /* [CP] Copy Pods Resources */ = {
			isa = PBXShellScriptBuildPhase;
			buildActionMask = 2147483647;
			files = (
			);
			inputPaths = (
			);
			name = "[CP] Copy Pods Resources";
			outputPaths = (
			);
			runOnlyForDeploymentPostprocessing = 0;
			shellPath = /bin/sh;
			shellScript = "\"${SRCROOT}/Pods/Target Support Files/Pods-SwiftMultiSelectExample/Pods-SwiftMultiSelectExample-resources.sh\"\n";
			showEnvVarsInLog = 0;
		};
		DEE43819E4DCE9EA7A652529 /* [CP] Check Pods Manifest.lock */ = {
			isa = PBXShellScriptBuildPhase;
			buildActionMask = 2147483647;
			files = (
			);
			inputPaths = (
			);
			name = "[CP] Check Pods Manifest.lock";
			outputPaths = (
			);
			runOnlyForDeploymentPostprocessing = 0;
			shellPath = /bin/sh;
			shellScript = "diff \"${PODS_PODFILE_DIR_PATH}/Podfile.lock\" \"${PODS_ROOT}/Manifest.lock\" > /dev/null\nif [ $? != 0 ] ; then\n    # print error to STDERR\n    echo \"error: The sandbox is not in sync with the Podfile.lock. Run 'pod install' or update your CocoaPods installation.\" >&2\n    exit 1\nfi\n";
			showEnvVarsInLog = 0;
		};
/* End PBXShellScriptBuildPhase section */

/* Begin PBXSourcesBuildPhase section */
		B1C3BCC41F2B2B2600904FA3 /* Sources */ = {
			isa = PBXSourcesBuildPhase;
			buildActionMask = 2147483647;
			files = (
				B1C3BCCE1F2B2B2600904FA3 /* ViewController.swift in Sources */,
				B1C3BCCC1F2B2B2600904FA3 /* AppDelegate.swift in Sources */,
			);
			runOnlyForDeploymentPostprocessing = 0;
		};
/* End PBXSourcesBuildPhase section */

/* Begin PBXVariantGroup section */
		B1C3BCCF1F2B2B2600904FA3 /* Main.storyboard */ = {
			isa = PBXVariantGroup;
			children = (
				B1C3BCD01F2B2B2600904FA3 /* Base */,
			);
			name = Main.storyboard;
			sourceTree = "<group>";
		};
		B1C3BCD41F2B2B2600904FA3 /* LaunchScreen.storyboard */ = {
			isa = PBXVariantGroup;
			children = (
				B1C3BCD51F2B2B2600904FA3 /* Base */,
			);
			name = LaunchScreen.storyboard;
			sourceTree = "<group>";
		};
/* End PBXVariantGroup section */

/* Begin XCBuildConfiguration section */
		B1C3BCD81F2B2B2600904FA3 /* Debug */ = {
			isa = XCBuildConfiguration;
			buildSettings = {
				ALWAYS_SEARCH_USER_PATHS = NO;
				CLANG_ANALYZER_NONNULL = YES;
				CLANG_ANALYZER_NUMBER_OBJECT_CONVERSION = YES_AGGRESSIVE;
				CLANG_CXX_LANGUAGE_STANDARD = "gnu++0x";
				CLANG_CXX_LIBRARY = "libc++";
				CLANG_ENABLE_MODULES = YES;
				CLANG_ENABLE_OBJC_ARC = YES;
				CLANG_WARN_BOOL_CONVERSION = YES;
				CLANG_WARN_CONSTANT_CONVERSION = YES;
				CLANG_WARN_DIRECT_OBJC_ISA_USAGE = YES_ERROR;
				CLANG_WARN_DOCUMENTATION_COMMENTS = YES;
				CLANG_WARN_EMPTY_BODY = YES;
				CLANG_WARN_ENUM_CONVERSION = YES;
				CLANG_WARN_INFINITE_RECURSION = YES;
				CLANG_WARN_INT_CONVERSION = YES;
				CLANG_WARN_OBJC_ROOT_CLASS = YES_ERROR;
				CLANG_WARN_SUSPICIOUS_MOVE = YES;
				CLANG_WARN_UNREACHABLE_CODE = YES;
				CLANG_WARN__DUPLICATE_METHOD_MATCH = YES;
				"CODE_SIGN_IDENTITY[sdk=iphoneos*]" = "iPhone Developer";
				COPY_PHASE_STRIP = NO;
				DEBUG_INFORMATION_FORMAT = dwarf;
				ENABLE_STRICT_OBJC_MSGSEND = YES;
				ENABLE_TESTABILITY = YES;
				GCC_C_LANGUAGE_STANDARD = gnu99;
				GCC_DYNAMIC_NO_PIC = NO;
				GCC_NO_COMMON_BLOCKS = YES;
				GCC_OPTIMIZATION_LEVEL = 0;
				GCC_PREPROCESSOR_DEFINITIONS = (
					"DEBUG=1",
					"$(inherited)",
				);
				GCC_WARN_64_TO_32_BIT_CONVERSION = YES;
				GCC_WARN_ABOUT_RETURN_TYPE = YES_ERROR;
				GCC_WARN_UNDECLARED_SELECTOR = YES;
				GCC_WARN_UNINITIALIZED_AUTOS = YES_AGGRESSIVE;
				GCC_WARN_UNUSED_FUNCTION = YES;
				GCC_WARN_UNUSED_VARIABLE = YES;
				IPHONEOS_DEPLOYMENT_TARGET = 10.3;
				MTL_ENABLE_DEBUG_INFO = YES;
				ONLY_ACTIVE_ARCH = YES;
				SDKROOT = iphoneos;
				SWIFT_ACTIVE_COMPILATION_CONDITIONS = DEBUG;
				SWIFT_OPTIMIZATION_LEVEL = "-Onone";
				SWIFT_VERSION = 4.0;
			};
			name = Debug;
		};
		B1C3BCD91F2B2B2600904FA3 /* Release */ = {
			isa = XCBuildConfiguration;
			buildSettings = {
				ALWAYS_SEARCH_USER_PATHS = NO;
				CLANG_ANALYZER_NONNULL = YES;
				CLANG_ANALYZER_NUMBER_OBJECT_CONVERSION = YES_AGGRESSIVE;
				CLANG_CXX_LANGUAGE_STANDARD = "gnu++0x";
				CLANG_CXX_LIBRARY = "libc++";
				CLANG_ENABLE_MODULES = YES;
				CLANG_ENABLE_OBJC_ARC = YES;
				CLANG_WARN_BOOL_CONVERSION = YES;
				CLANG_WARN_CONSTANT_CONVERSION = YES;
				CLANG_WARN_DIRECT_OBJC_ISA_USAGE = YES_ERROR;
				CLANG_WARN_DOCUMENTATION_COMMENTS = YES;
				CLANG_WARN_EMPTY_BODY = YES;
				CLANG_WARN_ENUM_CONVERSION = YES;
				CLANG_WARN_INFINITE_RECURSION = YES;
				CLANG_WARN_INT_CONVERSION = YES;
				CLANG_WARN_OBJC_ROOT_CLASS = YES_ERROR;
				CLANG_WARN_SUSPICIOUS_MOVE = YES;
				CLANG_WARN_UNREACHABLE_CODE = YES;
				CLANG_WARN__DUPLICATE_METHOD_MATCH = YES;
				"CODE_SIGN_IDENTITY[sdk=iphoneos*]" = "iPhone Developer";
				COPY_PHASE_STRIP = NO;
				DEBUG_INFORMATION_FORMAT = "dwarf-with-dsym";
				ENABLE_NS_ASSERTIONS = NO;
				ENABLE_STRICT_OBJC_MSGSEND = YES;
				GCC_C_LANGUAGE_STANDARD = gnu99;
				GCC_NO_COMMON_BLOCKS = YES;
				GCC_WARN_64_TO_32_BIT_CONVERSION = YES;
				GCC_WARN_ABOUT_RETURN_TYPE = YES_ERROR;
				GCC_WARN_UNDECLARED_SELECTOR = YES;
				GCC_WARN_UNINITIALIZED_AUTOS = YES_AGGRESSIVE;
				GCC_WARN_UNUSED_FUNCTION = YES;
				GCC_WARN_UNUSED_VARIABLE = YES;
				IPHONEOS_DEPLOYMENT_TARGET = 10.3;
				MTL_ENABLE_DEBUG_INFO = NO;
				SDKROOT = iphoneos;
				SWIFT_OPTIMIZATION_LEVEL = "-Owholemodule";
				SWIFT_VERSION = 4.0;
				VALIDATE_PRODUCT = YES;
			};
			name = Release;
		};
		B1C3BCDB1F2B2B2600904FA3 /* Debug */ = {
			isa = XCBuildConfiguration;
			baseConfigurationReference = A8F4428936230C1B080F6F03 /* Pods-SwiftMultiSelectExample.debug.xcconfig */;
			buildSettings = {
				ASSETCATALOG_COMPILER_APPICON_NAME = AppIcon;
				DEVELOPMENT_TEAM = 3NJYMZCH8Y;
				INFOPLIST_FILE = SwiftMultiSelectExample/Info.plist;
				IPHONEOS_DEPLOYMENT_TARGET = 9.0;
				LD_RUNPATH_SEARCH_PATHS = "$(inherited) @executable_path/Frameworks";
				PRODUCT_BUNDLE_IDENTIFIER = it.brokenice.SwiftMultiSelectExample;
				PRODUCT_NAME = "$(TARGET_NAME)";
				SWIFT_VERSION = 4.0;
			};
			name = Debug;
		};
		B1C3BCDC1F2B2B2600904FA3 /* Release */ = {
			isa = XCBuildConfiguration;
			baseConfigurationReference = 82EE9FC18253E00CEA25297C /* Pods-SwiftMultiSelectExample.release.xcconfig */;
			buildSettings = {
				ASSETCATALOG_COMPILER_APPICON_NAME = AppIcon;
				DEVELOPMENT_TEAM = 3NJYMZCH8Y;
				INFOPLIST_FILE = SwiftMultiSelectExample/Info.plist;
				IPHONEOS_DEPLOYMENT_TARGET = 9.0;
				LD_RUNPATH_SEARCH_PATHS = "$(inherited) @executable_path/Frameworks";
				PRODUCT_BUNDLE_IDENTIFIER = it.brokenice.SwiftMultiSelectExample;
				PRODUCT_NAME = "$(TARGET_NAME)";
				SWIFT_VERSION = 4.0;
			};
			name = Release;
		};
/* End XCBuildConfiguration section */

/* Begin XCConfigurationList section */
		B1C3BCC31F2B2B2600904FA3 /* Build configuration list for PBXProject "SwiftMultiSelectExample" */ = {
			isa = XCConfigurationList;
			buildConfigurations = (
				B1C3BCD81F2B2B2600904FA3 /* Debug */,
				B1C3BCD91F2B2B2600904FA3 /* Release */,
			);
			defaultConfigurationIsVisible = 0;
			defaultConfigurationName = Release;
		};
		B1C3BCDA1F2B2B2600904FA3 /* Build configuration list for PBXNativeTarget "SwiftMultiSelectExample" */ = {
			isa = XCConfigurationList;
			buildConfigurations = (
				B1C3BCDB1F2B2B2600904FA3 /* Debug */,
				B1C3BCDC1F2B2B2600904FA3 /* Release */,
			);
			defaultConfigurationIsVisible = 0;
			defaultConfigurationName = Release;
		};
/* End XCConfigurationList section */
	};
	rootObject = B1C3BCC01F2B2B2600904FA3 /* Project object */;
}
