// !$*UTF8*$!
{
	archiveVersion = 1;
	classes = {
	};
	objectVersion = 46;
	objects = {

/* Begin PBXBuildFile section */
		146ABE545512FCC716CD0953 /* Pods_SwiftMultiSelectTest.framework in Frameworks */ = {isa = PBXBuildFile; fileRef = 35BE36E86D683FB2F4E37FC5 /* Pods_SwiftMultiSelectTest.framework */; };
		B1E5D86A1F2B1EDB006B0F28 /* AppDelegate.swift in Sources */ = {isa = PBXBuildFile; fileRef = B1E5D8691F2B1EDB006B0F28 /* AppDelegate.swift */; };
		B1E5D86C1F2B1EDB006B0F28 /* ViewController.swift in Sources */ = {isa = PBXBuildFile; fileRef = B1E5D86B1F2B1EDB006B0F28 /* ViewController.swift */; };
		B1E5D86F1F2B1EDB006B0F28 /* Main.storyboard in Resources */ = {isa = PBXBuildFile; fileRef = B1E5D86D1F2B1EDB006B0F28 /* Main.storyboard */; };
		B1E5D8711F2B1EDB006B0F28 /* Assets.xcassets in Resources */ = {isa = PBXBuildFile; fileRef = B1E5D8701F2B1EDB006B0F28 /* Assets.xcassets */; };
		B1E5D8741F2B1EDB006B0F28 /* LaunchScreen.storyboard in Resources */ = {isa = PBXBuildFile; fileRef = B1E5D8721F2B1EDB006B0F28 /* LaunchScreen.storyboard */; };
/* End PBXBuildFile section */

/* Begin PBXFileReference section */
		25B018FE3075B11D808E5E1A /* Pods-SwiftMultiSelectTest.debug.xcconfig */ = {isa = PBXFileReference; includeInIndex = 1; lastKnownFileType = text.xcconfig; name = "Pods-SwiftMultiSelectTest.debug.xcconfig"; path = "Pods/Target Support Files/Pods-SwiftMultiSelectTest/Pods-SwiftMultiSelectTest.debug.xcconfig"; sourceTree = "<group>"; };
		35BE36E86D683FB2F4E37FC5 /* Pods_SwiftMultiSelectTest.framework */ = {isa = PBXFileReference; explicitFileType = wrapper.framework; includeInIndex = 0; path = Pods_SwiftMultiSelectTest.framework; sourceTree = BUILT_PRODUCTS_DIR; };
		B1E5D8661F2B1EDB006B0F28 /* SwiftMultiSelectTest.app */ = {isa = PBXFileReference; explicitFileType = wrapper.application; includeInIndex = 0; path = SwiftMultiSelectTest.app; sourceTree = BUILT_PRODUCTS_DIR; };
		B1E5D8691F2B1EDB006B0F28 /* AppDelegate.swift */ = {isa = PBXFileReference; lastKnownFileType = sourcecode.swift; path = AppDelegate.swift; sourceTree = "<group>"; };
		B1E5D86B1F2B1EDB006B0F28 /* ViewController.swift */ = {isa = PBXFileReference; lastKnownFileType = sourcecode.swift; path = ViewController.swift; sourceTree = "<group>"; };
		B1E5D86E1F2B1EDB006B0F28 /* Base */ = {isa = PBXFileReference; lastKnownFileType = file.storyboard; name = Base; path = Base.lproj/Main.storyboard; sourceTree = "<group>"; };
		B1E5D8701F2B1EDB006B0F28 /* Assets.xcassets */ = {isa = PBXFileReference; lastKnownFileType = folder.assetcatalog; path = Assets.xcassets; sourceTree = "<group>"; };
		B1E5D8731F2B1EDB006B0F28 /* Base */ = {isa = PBXFileReference; lastKnownFileType = file.storyboard; name = Base; path = Base.lproj/LaunchScreen.storyboard; sourceTree = "<group>"; };
		B1E5D8751F2B1EDB006B0F28 /* Info.plist */ = {isa = PBXFileReference; lastKnownFileType = text.plist.xml; path = Info.plist; sourceTree = "<group>"; };
		F453FFCD8DF7FF14A9361FC6 /* Pods-SwiftMultiSelectTest.release.xcconfig */ = {isa = PBXFileReference; includeInIndex = 1; lastKnownFileType = text.xcconfig; name = "Pods-SwiftMultiSelectTest.release.xcconfig"; path = "Pods/Target Support Files/Pods-SwiftMultiSelectTest/Pods-SwiftMultiSelectTest.release.xcconfig"; sourceTree = "<group>"; };
/* End PBXFileReference section */

/* Begin PBXFrameworksBuildPhase section */
		B1E5D8631F2B1EDB006B0F28 /* Frameworks */ = {
			isa = PBXFrameworksBuildPhase;
			buildActionMask = 2147483647;
			files = (
				146ABE545512FCC716CD0953 /* Pods_SwiftMultiSelectTest.framework in Frameworks */,
			);
			runOnlyForDeploymentPostprocessing = 0;
		};
/* End PBXFrameworksBuildPhase section */

/* Begin PBXGroup section */
		04C0BD50EB7ED192F748D761 /* Frameworks */ = {
			isa = PBXGroup;
			children = (
				35BE36E86D683FB2F4E37FC5 /* Pods_SwiftMultiSelectTest.framework */,
			);
			name = Frameworks;
			sourceTree = "<group>";
		};
		A617FBCC0433B127D48F0D96 /* Pods */ = {
			isa = PBXGroup;
			children = (
				25B018FE3075B11D808E5E1A /* Pods-SwiftMultiSelectTest.debug.xcconfig */,
				F453FFCD8DF7FF14A9361FC6 /* Pods-SwiftMultiSelectTest.release.xcconfig */,
			);
			name = Pods;
			sourceTree = "<group>";
		};
		B1E5D85D1F2B1EDB006B0F28 = {
			isa = PBXGroup;
			children = (
				B1E5D8681F2B1EDB006B0F28 /* SwiftMultiSelectTest */,
				B1E5D8671F2B1EDB006B0F28 /* Products */,
				A617FBCC0433B127D48F0D96 /* Pods */,
				04C0BD50EB7ED192F748D761 /* Frameworks */,
			);
			sourceTree = "<group>";
		};
		B1E5D8671F2B1EDB006B0F28 /* Products */ = {
			isa = PBXGroup;
			children = (
				B1E5D8661F2B1EDB006B0F28 /* SwiftMultiSelectTest.app */,
			);
			name = Products;
			sourceTree = "<group>";
		};
		B1E5D8681F2B1EDB006B0F28 /* SwiftMultiSelectTest */ = {
			isa = PBXGroup;
			children = (
				B1E5D8691F2B1EDB006B0F28 /* AppDelegate.swift */,
				B1E5D86B1F2B1EDB006B0F28 /* ViewController.swift */,
				B1E5D86D1F2B1EDB006B0F28 /* Main.storyboard */,
				B1E5D8701F2B1EDB006B0F28 /* Assets.xcassets */,
				B1E5D8721F2B1EDB006B0F28 /* LaunchScreen.storyboard */,
				B1E5D8751F2B1EDB006B0F28 /* Info.plist */,
			);
			path = SwiftMultiSelectTest;
			sourceTree = "<group>";
		};
/* End PBXGroup section */

/* Begin PBXNativeTarget section */
		B1E5D8651F2B1EDB006B0F28 /* SwiftMultiSelectTest */ = {
			isa = PBXNativeTarget;
			buildConfigurationList = B1E5D8781F2B1EDB006B0F28 /* Build configuration list for PBXNativeTarget "SwiftMultiSelectTest" */;
			buildPhases = (
				C6DED94F0CCF6CFD26F097ED /* [CP] Check Pods Manifest.lock */,
				B1E5D8621F2B1EDB006B0F28 /* Sources */,
				B1E5D8631F2B1EDB006B0F28 /* Frameworks */,
				B1E5D8641F2B1EDB006B0F28 /* Resources */,
				F5BFCF9CF6DA8896F7FAB417 /* [CP] Embed Pods Frameworks */,
				F91A343E4D7B158B61872E8E /* [CP] Copy Pods Resources */,
			);
			buildRules = (
			);
			dependencies = (
			);
			name = SwiftMultiSelectTest;
			productName = SwiftMultiSelectTest;
			productReference = B1E5D8661F2B1EDB006B0F28 /* SwiftMultiSelectTest.app */;
			productType = "com.apple.product-type.application";
		};
/* End PBXNativeTarget section */

/* Begin PBXProject section */
		B1E5D85E1F2B1EDB006B0F28 /* Project object */ = {
			isa = PBXProject;
			attributes = {
				LastSwiftUpdateCheck = 0830;
				LastUpgradeCheck = 0830;
				ORGANIZATIONNAME = "Luca Becchetti";
				TargetAttributes = {
					B1E5D8651F2B1EDB006B0F28 = {
						CreatedOnToolsVersion = 8.3.2;
						DevelopmentTeam = 49RE3G6CPG;
						ProvisioningStyle = Automatic;
					};
				};
			};
			buildConfigurationList = B1E5D8611F2B1EDB006B0F28 /* Build configuration list for PBXProject "SwiftMultiSelectTest" */;
			compatibilityVersion = "Xcode 3.2";
			developmentRegion = English;
			hasScannedForEncodings = 0;
			knownRegions = (
				en,
				Base,
			);
			mainGroup = B1E5D85D1F2B1EDB006B0F28;
			productRefGroup = B1E5D8671F2B1EDB006B0F28 /* Products */;
			projectDirPath = "";
			projectRoot = "";
			targets = (
				B1E5D8651F2B1EDB006B0F28 /* SwiftMultiSelectTest */,
			);
		};
/* End PBXProject section */

/* Begin PBXResourcesBuildPhase section */
		B1E5D8641F2B1EDB006B0F28 /* Resources */ = {
			isa = PBXResourcesBuildPhase;
			buildActionMask = 2147483647;
			files = (
				B1E5D8741F2B1EDB006B0F28 /* LaunchScreen.storyboard in Resources */,
				B1E5D8711F2B1EDB006B0F28 /* Assets.xcassets in Resources */,
				B1E5D86F1F2B1EDB006B0F28 /* Main.storyboard in Resources */,
			);
			runOnlyForDeploymentPostprocessing = 0;
		};
/* End PBXResourcesBuildPhase section */

/* Begin PBXShellScriptBuildPhase section */
		C6DED94F0CCF6CFD26F097ED /* [CP] Check Pods Manifest.lock */ = {
			isa = PBXShellScriptBuildPhase;
			buildActionMask = 2147483647;
			files = (
			);
			inputPaths = (
			);
			name = "[CP] Check Pods Manifest.lock";
			outputPaths = (
			);
			runOnlyForDeploymentPostprocessing = 0;
			shellPath = /bin/sh;
			shellScript = "diff \"${PODS_PODFILE_DIR_PATH}/Podfile.lock\" \"${PODS_ROOT}/Manifest.lock\" > /dev/null\nif [ $? != 0 ] ; then\n    # print error to STDERR\n    echo \"error: The sandbox is not in sync with the Podfile.lock. Run 'pod install' or update your CocoaPods installation.\" >&2\n    exit 1\nfi\n";
			showEnvVarsInLog = 0;
		};
		F5BFCF9CF6DA8896F7FAB417 /* [CP] Embed Pods Frameworks */ = {
			isa = PBXShellScriptBuildPhase;
			buildActionMask = 2147483647;
			files = (
			);
			inputPaths = (
			);
			name = "[CP] Embed Pods Frameworks";
			outputPaths = (
			);
			runOnlyForDeploymentPostprocessing = 0;
			shellPath = /bin/sh;
			shellScript = "\"${SRCROOT}/Pods/Target Support Files/Pods-SwiftMultiSelectTest/Pods-SwiftMultiSelectTest-frameworks.sh\"\n";
			showEnvVarsInLog = 0;
		};
		F91A343E4D7B158B61872E8E /* [CP] Copy Pods Resources */ = {
			isa = PBXShellScriptBuildPhase;
			buildActionMask = 2147483647;
			files = (
			);
			inputPaths = (
			);
			name = "[CP] Copy Pods Resources";
			outputPaths = (
			);
			runOnlyForDeploymentPostprocessing = 0;
			shellPath = /bin/sh;
			shellScript = "\"${SRCROOT}/Pods/Target Support Files/Pods-SwiftMultiSelectTest/Pods-SwiftMultiSelectTest-resources.sh\"\n";
			showEnvVarsInLog = 0;
		};
/* End PBXShellScriptBuildPhase section */

/* Begin PBXSourcesBuildPhase section */
		B1E5D8621F2B1EDB006B0F28 /* Sources */ = {
			isa = PBXSourcesBuildPhase;
			buildActionMask = 2147483647;
			files = (
				B1E5D86C1F2B1EDB006B0F28 /* ViewController.swift in Sources */,
				B1E5D86A1F2B1EDB006B0F28 /* AppDelegate.swift in Sources */,
			);
			runOnlyForDeploymentPostprocessing = 0;
		};
/* End PBXSourcesBuildPhase section */

/* Begin PBXVariantGroup section */
		B1E5D86D1F2B1EDB006B0F28 /* Main.storyboard */ = {
			isa = PBXVariantGroup;
			children = (
				B1E5D86E1F2B1EDB006B0F28 /* Base */,
			);
			name = Main.storyboard;
			sourceTree = "<group>";
		};
		B1E5D8721F2B1EDB006B0F28 /* LaunchScreen.storyboard */ = {
			isa = PBXVariantGroup;
			children = (
				B1E5D8731F2B1EDB006B0F28 /* Base */,
			);
			name = LaunchScreen.storyboard;
			sourceTree = "<group>";
		};
/* End PBXVariantGroup section */

/* Begin XCBuildConfiguration section */
		B1E5D8761F2B1EDB006B0F28 /* Debug */ = {
			isa = XCBuildConfiguration;
			buildSettings = {
				ALWAYS_SEARCH_USER_PATHS = NO;
				CLANG_ANALYZER_NONNULL = YES;
				CLANG_ANALYZER_NUMBER_OBJECT_CONVERSION = YES_AGGRESSIVE;
				CLANG_CXX_LANGUAGE_STANDARD = "gnu++0x";
				CLANG_CXX_LIBRARY = "libc++";
				CLANG_ENABLE_MODULES = YES;
				CLANG_ENABLE_OBJC_ARC = YES;
				CLANG_WARN_BOOL_CONVERSION = YES;
				CLANG_WARN_CONSTANT_CONVERSION = YES;
				CLANG_WARN_DIRECT_OBJC_ISA_USAGE = YES_ERROR;
				CLANG_WARN_DOCUMENTATION_COMMENTS = YES;
				CLANG_WARN_EMPTY_BODY = YES;
				CLANG_WARN_ENUM_CONVERSION = YES;
				CLANG_WARN_INFINITE_RECURSION = YES;
				CLANG_WARN_INT_CONVERSION = YES;
				CLANG_WARN_OBJC_ROOT_CLASS = YES_ERROR;
				CLANG_WARN_SUSPICIOUS_MOVE = YES;
				CLANG_WARN_UNREACHABLE_CODE = YES;
				CLANG_WARN__DUPLICATE_METHOD_MATCH = YES;
				"CODE_SIGN_IDENTITY[sdk=iphoneos*]" = "iPhone Developer";
				COPY_PHASE_STRIP = NO;
				DEBUG_INFORMATION_FORMAT = dwarf;
				ENABLE_STRICT_OBJC_MSGSEND = YES;
				ENABLE_TESTABILITY = YES;
				GCC_C_LANGUAGE_STANDARD = gnu99;
				GCC_DYNAMIC_NO_PIC = NO;
				GCC_NO_COMMON_BLOCKS = YES;
				GCC_OPTIMIZATION_LEVEL = 0;
				GCC_PREPROCESSOR_DEFINITIONS = (
					"DEBUG=1",
					"$(inherited)",
				);
				GCC_WARN_64_TO_32_BIT_CONVERSION = YES;
				GCC_WARN_ABOUT_RETURN_TYPE = YES_ERROR;
				GCC_WARN_UNDECLARED_SELECTOR = YES;
				GCC_WARN_UNINITIALIZED_AUTOS = YES_AGGRESSIVE;
				GCC_WARN_UNUSED_FUNCTION = YES;
				GCC_WARN_UNUSED_VARIABLE = YES;
				IPHONEOS_DEPLOYMENT_TARGET = 10.3;
				MTL_ENABLE_DEBUG_INFO = YES;
				ONLY_ACTIVE_ARCH = YES;
				SDKROOT = iphoneos;
				SWIFT_ACTIVE_COMPILATION_CONDITIONS = DEBUG;
				SWIFT_OPTIMIZATION_LEVEL = "-Onone";
				TARGETED_DEVICE_FAMILY = "1,2";
			};
			name = Debug;
		};
		B1E5D8771F2B1EDB006B0F28 /* Release */ = {
			isa = XCBuildConfiguration;
			buildSettings = {
				ALWAYS_SEARCH_USER_PATHS = NO;
				CLANG_ANALYZER_NONNULL = YES;
				CLANG_ANALYZER_NUMBER_OBJECT_CONVERSION = YES_AGGRESSIVE;
				CLANG_CXX_LANGUAGE_STANDARD = "gnu++0x";
				CLANG_CXX_LIBRARY = "libc++";
				CLANG_ENABLE_MODULES = YES;
				CLANG_ENABLE_OBJC_ARC = YES;
				CLANG_WARN_BOOL_CONVERSION = YES;
				CLANG_WARN_CONSTANT_CONVERSION = YES;
				CLANG_WARN_DIRECT_OBJC_ISA_USAGE = YES_ERROR;
				CLANG_WARN_DOCUMENTATION_COMMENTS = YES;
				CLANG_WARN_EMPTY_BODY = YES;
				CLANG_WARN_ENUM_CONVERSION = YES;
				CLANG_WARN_INFINITE_RECURSION = YES;
				CLANG_WARN_INT_CONVERSION = YES;
				CLANG_WARN_OBJC_ROOT_CLASS = YES_ERROR;
				CLANG_WARN_SUSPICIOUS_MOVE = YES;
				CLANG_WARN_UNREACHABLE_CODE = YES;
				CLANG_WARN__DUPLICATE_METHOD_MATCH = YES;
				"CODE_SIGN_IDENTITY[sdk=iphoneos*]" = "iPhone Developer";
				COPY_PHASE_STRIP = NO;
				DEBUG_INFORMATION_FORMAT = "dwarf-with-dsym";
				ENABLE_NS_ASSERTIONS = NO;
				ENABLE_STRICT_OBJC_MSGSEND = YES;
				GCC_C_LANGUAGE_STANDARD = gnu99;
				GCC_NO_COMMON_BLOCKS = YES;
				GCC_WARN_64_TO_32_BIT_CONVERSION = YES;
				GCC_WARN_ABOUT_RETURN_TYPE = YES_ERROR;
				GCC_WARN_UNDECLARED_SELECTOR = YES;
				GCC_WARN_UNINITIALIZED_AUTOS = YES_AGGRESSIVE;
				GCC_WARN_UNUSED_FUNCTION = YES;
				GCC_WARN_UNUSED_VARIABLE = YES;
				IPHONEOS_DEPLOYMENT_TARGET = 10.3;
				MTL_ENABLE_DEBUG_INFO = NO;
				SDKROOT = iphoneos;
				SWIFT_OPTIMIZATION_LEVEL = "-Owholemodule";
				TARGETED_DEVICE_FAMILY = "1,2";
				VALIDATE_PRODUCT = YES;
			};
			name = Release;
		};
		B1E5D8791F2B1EDB006B0F28 /* Debug */ = {
			isa = XCBuildConfiguration;
			baseConfigurationReference = 25B018FE3075B11D808E5E1A /* Pods-SwiftMultiSelectTest.debug.xcconfig */;
			buildSettings = {
				ASSETCATALOG_COMPILER_APPICON_NAME = AppIcon;
				DEVELOPMENT_TEAM = 49RE3G6CPG;
				INFOPLIST_FILE = SwiftMultiSelectTest/Info.plist;
				LD_RUNPATH_SEARCH_PATHS = "$(inherited) @executable_path/Frameworks";
				PRODUCT_BUNDLE_IDENTIFIER = it.brokenice.SwiftMultiSelectTest;
				PRODUCT_NAME = "$(TARGET_NAME)";
				SWIFT_VERSION = 3.0;
			};
			name = Debug;
		};
		B1E5D87A1F2B1EDB006B0F28 /* Release */ = {
			isa = XCBuildConfiguration;
			baseConfigurationReference = F453FFCD8DF7FF14A9361FC6 /* Pods-SwiftMultiSelectTest.release.xcconfig */;
			buildSettings = {
				ASSETCATALOG_COMPILER_APPICON_NAME = AppIcon;
				DEVELOPMENT_TEAM = 49RE3G6CPG;
				INFOPLIST_FILE = SwiftMultiSelectTest/Info.plist;
				LD_RUNPATH_SEARCH_PATHS = "$(inherited) @executable_path/Frameworks";
				PRODUCT_BUNDLE_IDENTIFIER = it.brokenice.SwiftMultiSelectTest;
				PRODUCT_NAME = "$(TARGET_NAME)";
				SWIFT_VERSION = 3.0;
			};
			name = Release;
		};
/* End XCBuildConfiguration section */

/* Begin XCConfigurationList section */
		B1E5D8611F2B1EDB006B0F28 /* Build configuration list for PBXProject "SwiftMultiSelectTest" */ = {
			isa = XCConfigurationList;
			buildConfigurations = (
				B1E5D8761F2B1EDB006B0F28 /* Debug */,
				B1E5D8771F2B1EDB006B0F28 /* Release */,
			);
			defaultConfigurationIsVisible = 0;
			defaultConfigurationName = Release;
		};
		B1E5D8781F2B1EDB006B0F28 /* Build configuration list for PBXNativeTarget "SwiftMultiSelectTest" */ = {
			isa = XCConfigurationList;
			buildConfigurations = (
				B1E5D8791F2B1EDB006B0F28 /* Debug */,
				B1E5D87A1F2B1EDB006B0F28 /* Release */,
			);
			defaultConfigurationIsVisible = 0;
		};
/* End XCConfigurationList section */
	};
	rootObject = B1E5D85E1F2B1EDB006B0F28 /* Project object */;
}
